// !$*UTF8*$!
{
	archiveVersion = 1;
	classes = {
	};
	objectVersion = 46;
	objects = {

/* Begin PBXBuildFile section */
		E853185E1A54781A009B4338 /* In The End.m4a in Resources */ = {isa = PBXBuildFile; fileRef = E853185D1A54781A009B4338 /* In The End.m4a */; };
		E8715C501A514BA70090D17C /* main.m in Sources */ = {isa = PBXBuildFile; fileRef = E8715C4F1A514BA70090D17C /* main.m */; };
		E8715C531A514BA70090D17C /* AppDelegate.m in Sources */ = {isa = PBXBuildFile; fileRef = E8715C521A514BA70090D17C /* AppDelegate.m */; };
		E8715C561A514BA80090D17C /* Shoot.xcdatamodeld in Sources */ = {isa = PBXBuildFile; fileRef = E8715C541A514BA80090D17C /* Shoot.xcdatamodeld */; };
		E8715C5C1A514BA80090D17C /* Main.storyboard in Resources */ = {isa = PBXBuildFile; fileRef = E8715C5A1A514BA80090D17C /* Main.storyboard */; };
		E8715C5E1A514BA80090D17C /* Images.xcassets in Resources */ = {isa = PBXBuildFile; fileRef = E8715C5D1A514BA80090D17C /* Images.xcassets */; };
		E8715C611A514BA80090D17C /* LaunchScreen.xib in Resources */ = {isa = PBXBuildFile; fileRef = E8715C5F1A514BA80090D17C /* LaunchScreen.xib */; };
		E8715C6D1A514BA80090D17C /* ShootTests.m in Sources */ = {isa = PBXBuildFile; fileRef = E8715C6C1A514BA80090D17C /* ShootTests.m */; };
		E8CE4D631D1030DE00FA8321 /* GameViewController.m in Sources */ = {isa = PBXBuildFile; fileRef = E8CE4D621D1030DE00FA8321 /* GameViewController.m */; };
		E8CE4D661D104FB600FA8321 /* Ennemi.m in Sources */ = {isa = PBXBuildFile; fileRef = E8CE4D651D104FB600FA8321 /* Ennemi.m */; };
		E8EDCD841D0D5D3400DEDD78 /* LevelTableViewController.m in Sources */ = {isa = PBXBuildFile; fileRef = E8EDCD831D0D5D3400DEDD78 /* LevelTableViewController.m */; };
		E8EDCD871D0D5E3600DEDD78 /* TableViewCellWithThreeButtons.m in Sources */ = {isa = PBXBuildFile; fileRef = E8EDCD861D0D5E3600DEDD78 /* TableViewCellWithThreeButtons.m */; };
/* End PBXBuildFile section */

/* Begin PBXContainerItemProxy section */
		E8715C671A514BA80090D17C /* PBXContainerItemProxy */ = {
			isa = PBXContainerItemProxy;
			containerPortal = E8715C421A514BA70090D17C /* Project object */;
			proxyType = 1;
			remoteGlobalIDString = E8715C491A514BA70090D17C;
			remoteInfo = Shoot;
		};
/* End PBXContainerItemProxy section */

/* Begin PBXFileReference section */
		E853185D1A54781A009B4338 /* In The End.m4a */ = {isa = PBXFileReference; lastKnownFileType = file; path = "In The End.m4a"; sourceTree = "<group>"; };
		E8715C4A1A514BA70090D17C /* Shoot.app */ = {isa = PBXFileReference; explicitFileType = wrapper.application; includeInIndex = 0; path = Shoot.app; sourceTree = BUILT_PRODUCTS_DIR; };
		E8715C4E1A514BA70090D17C /* Info.plist */ = {isa = PBXFileReference; lastKnownFileType = text.plist.xml; path = Info.plist; sourceTree = "<group>"; };
		E8715C4F1A514BA70090D17C /* main.m */ = {isa = PBXFileReference; lastKnownFileType = sourcecode.c.objc; path = main.m; sourceTree = "<group>"; };
		E8715C511A514BA70090D17C /* AppDelegate.h */ = {isa = PBXFileReference; lastKnownFileType = sourcecode.c.h; path = AppDelegate.h; sourceTree = "<group>"; };
		E8715C521A514BA70090D17C /* AppDelegate.m */ = {isa = PBXFileReference; lastKnownFileType = sourcecode.c.objc; path = AppDelegate.m; sourceTree = "<group>"; };
		E8715C551A514BA80090D17C /* Shoot.xcdatamodel */ = {isa = PBXFileReference; lastKnownFileType = wrapper.xcdatamodel; path = Shoot.xcdatamodel; sourceTree = "<group>"; };
		E8715C5B1A514BA80090D17C /* Base */ = {isa = PBXFileReference; lastKnownFileType = file.storyboard; name = Base; path = Base.lproj/Main.storyboard; sourceTree = "<group>"; };
		E8715C5D1A514BA80090D17C /* Images.xcassets */ = {isa = PBXFileReference; lastKnownFileType = folder.assetcatalog; path = Images.xcassets; sourceTree = "<group>"; };
		E8715C601A514BA80090D17C /* Base */ = {isa = PBXFileReference; lastKnownFileType = file.xib; name = Base; path = Base.lproj/LaunchScreen.xib; sourceTree = "<group>"; };
		E8715C661A514BA80090D17C /* ShootTests.xctest */ = {isa = PBXFileReference; explicitFileType = wrapper.cfbundle; includeInIndex = 0; path = ShootTests.xctest; sourceTree = BUILT_PRODUCTS_DIR; };
		E8715C6B1A514BA80090D17C /* Info.plist */ = {isa = PBXFileReference; lastKnownFileType = text.plist.xml; path = Info.plist; sourceTree = "<group>"; };
		E8715C6C1A514BA80090D17C /* ShootTests.m */ = {isa = PBXFileReference; lastKnownFileType = sourcecode.c.objc; path = ShootTests.m; sourceTree = "<group>"; };
		E8CE4D611D1030DE00FA8321 /* GameViewController.h */ = {isa = PBXFileReference; fileEncoding = 4; lastKnownFileType = sourcecode.c.h; path = GameViewController.h; sourceTree = "<group>"; };
		E8CE4D621D1030DE00FA8321 /* GameViewController.m */ = {isa = PBXFileReference; fileEncoding = 4; lastKnownFileType = sourcecode.c.objc; path = GameViewController.m; sourceTree = "<group>"; };
		E8CE4D641D104FB600FA8321 /* Ennemi.h */ = {isa = PBXFileReference; fileEncoding = 4; lastKnownFileType = sourcecode.c.h; path = Ennemi.h; sourceTree = "<group>"; };
		E8CE4D651D104FB600FA8321 /* Ennemi.m */ = {isa = PBXFileReference; fileEncoding = 4; lastKnownFileType = sourcecode.c.objc; path = Ennemi.m; sourceTree = "<group>"; };
		E8EDCD821D0D5D3400DEDD78 /* LevelTableViewController.h */ = {isa = PBXFileReference; fileEncoding = 4; lastKnownFileType = sourcecode.c.h; path = LevelTableViewController.h; sourceTree = "<group>"; };
		E8EDCD831D0D5D3400DEDD78 /* LevelTableViewController.m */ = {isa = PBXFileReference; fileEncoding = 4; lastKnownFileType = sourcecode.c.objc; path = LevelTableViewController.m; sourceTree = "<group>"; };
		E8EDCD851D0D5E3600DEDD78 /* TableViewCellWithThreeButtons.h */ = {isa = PBXFileReference; fileEncoding = 4; lastKnownFileType = sourcecode.c.h; path = TableViewCellWithThreeButtons.h; sourceTree = "<group>"; };
		E8EDCD861D0D5E3600DEDD78 /* TableViewCellWithThreeButtons.m */ = {isa = PBXFileReference; fileEncoding = 4; lastKnownFileType = sourcecode.c.objc; path = TableViewCellWithThreeButtons.m; sourceTree = "<group>"; };
/* End PBXFileReference section */

/* Begin PBXFrameworksBuildPhase section */
		E8715C471A514BA70090D17C /* Frameworks */ = {
			isa = PBXFrameworksBuildPhase;
			buildActionMask = 2147483647;
			files = (
			);
			runOnlyForDeploymentPostprocessing = 0;
		};
		E8715C631A514BA80090D17C /* Frameworks */ = {
			isa = PBXFrameworksBuildPhase;
			buildActionMask = 2147483647;
			files = (
			);
			runOnlyForDeploymentPostprocessing = 0;
		};
/* End PBXFrameworksBuildPhase section */

/* Begin PBXGroup section */
		E8715C411A514BA70090D17C = {
			isa = PBXGroup;
			children = (
				E8715C4C1A514BA70090D17C /* Shoot */,
				E8715C691A514BA80090D17C /* ShootTests */,
				E8715C4B1A514BA70090D17C /* Products */,
			);
			sourceTree = "<group>";
		};
		E8715C4B1A514BA70090D17C /* Products */ = {
			isa = PBXGroup;
			children = (
				E8715C4A1A514BA70090D17C /* Shoot.app */,
				E8715C661A514BA80090D17C /* ShootTests.xctest */,
			);
			name = Products;
			sourceTree = "<group>";
		};
		E8715C4C1A514BA70090D17C /* Shoot */ = {
			isa = PBXGroup;
			children = (
				E8715C511A514BA70090D17C /* AppDelegate.h */,
				E8715C521A514BA70090D17C /* AppDelegate.m */,
				E8EDCD821D0D5D3400DEDD78 /* LevelTableViewController.h */,
				E8EDCD831D0D5D3400DEDD78 /* LevelTableViewController.m */,
				E8CE4D611D1030DE00FA8321 /* GameViewController.h */,
				E8CE4D621D1030DE00FA8321 /* GameViewController.m */,
				E8CE4D641D104FB600FA8321 /* Ennemi.h */,
				E8CE4D651D104FB600FA8321 /* Ennemi.m */,
				E8EDCD851D0D5E3600DEDD78 /* TableViewCellWithThreeButtons.h */,
				E8EDCD861D0D5E3600DEDD78 /* TableViewCellWithThreeButtons.m */,
				E8715C5A1A514BA80090D17C /* Main.storyboard */,
				E8715C5D1A514BA80090D17C /* Images.xcassets */,
				E8715C5F1A514BA80090D17C /* LaunchScreen.xib */,
				E8715C541A514BA80090D17C /* Shoot.xcdatamodeld */,
				E8715C4D1A514BA70090D17C /* Supporting Files */,
			);
			path = Shoot;
			sourceTree = "<group>";
		};
		E8715C4D1A514BA70090D17C /* Supporting Files */ = {
			isa = PBXGroup;
			children = (
				E853185D1A54781A009B4338 /* In The End.m4a */,
				E8715C4E1A514BA70090D17C /* Info.plist */,
				E8715C4F1A514BA70090D17C /* main.m */,
			);
			name = "Supporting Files";
			sourceTree = "<group>";
		};
		E8715C691A514BA80090D17C /* ShootTests */ = {
			isa = PBXGroup;
			children = (
				E8715C6C1A514BA80090D17C /* ShootTests.m */,
				E8715C6A1A514BA80090D17C /* Supporting Files */,
			);
			path = ShootTests;
			sourceTree = "<group>";
		};
		E8715C6A1A514BA80090D17C /* Supporting Files */ = {
			isa = PBXGroup;
			children = (
				E8715C6B1A514BA80090D17C /* Info.plist */,
			);
			name = "Supporting Files";
			sourceTree = "<group>";
		};
/* End PBXGroup section */

/* Begin PBXNativeTarget section */
		E8715C491A514BA70090D17C /* Shoot */ = {
			isa = PBXNativeTarget;
			buildConfigurationList = E8715C701A514BA80090D17C /* Build configuration list for PBXNativeTarget "Shoot" */;
			buildPhases = (
				E8715C461A514BA70090D17C /* Sources */,
				E8715C471A514BA70090D17C /* Frameworks */,
				E8715C481A514BA70090D17C /* Resources */,
			);
			buildRules = (
			);
			dependencies = (
			);
			name = Shoot;
			productName = Shoot;
			productReference = E8715C4A1A514BA70090D17C /* Shoot.app */;
			productType = "com.apple.product-type.application";
		};
		E8715C651A514BA80090D17C /* ShootTests */ = {
			isa = PBXNativeTarget;
			buildConfigurationList = E8715C731A514BA80090D17C /* Build configuration list for PBXNativeTarget "ShootTests" */;
			buildPhases = (
				E8715C621A514BA80090D17C /* Sources */,
				E8715C631A514BA80090D17C /* Frameworks */,
				E8715C641A514BA80090D17C /* Resources */,
			);
			buildRules = (
			);
			dependencies = (
				E8715C681A514BA80090D17C /* PBXTargetDependency */,
			);
			name = ShootTests;
			productName = ShootTests;
			productReference = E8715C661A514BA80090D17C /* ShootTests.xctest */;
			productType = "com.apple.product-type.bundle.unit-test";
		};
/* End PBXNativeTarget section */

/* Begin PBXProject section */
		E8715C421A514BA70090D17C /* Project object */ = {
			isa = PBXProject;
			attributes = {
				LastUpgradeCheck = 0610;
				ORGANIZATIONNAME = "Thomas Mac";
				TargetAttributes = {
					E8715C491A514BA70090D17C = {
						CreatedOnToolsVersion = 6.1.1;
					};
					E8715C651A514BA80090D17C = {
						CreatedOnToolsVersion = 6.1.1;
						TestTargetID = E8715C491A514BA70090D17C;
					};
				};
			};
			buildConfigurationList = E8715C451A514BA70090D17C /* Build configuration list for PBXProject "Shoot" */;
			compatibilityVersion = "Xcode 3.2";
			developmentRegion = English;
			hasScannedForEncodings = 0;
			knownRegions = (
				en,
				Base,
			);
			mainGroup = E8715C411A514BA70090D17C;
			productRefGroup = E8715C4B1A514BA70090D17C /* Products */;
			projectDirPath = "";
			projectRoot = "";
			targets = (
				E8715C491A514BA70090D17C /* Shoot */,
				E8715C651A514BA80090D17C /* ShootTests */,
			);
		};
/* End PBXProject section */

/* Begin PBXResourcesBuildPhase section */
		E8715C481A514BA70090D17C /* Resources */ = {
			isa = PBXResourcesBuildPhase;
			buildActionMask = 2147483647;
			files = (
				E8715C5C1A514BA80090D17C /* Main.storyboard in Resources */,
				E853185E1A54781A009B4338 /* In The End.m4a in Resources */,
				E8715C611A514BA80090D17C /* LaunchScreen.xib in Resources */,
				E8715C5E1A514BA80090D17C /* Images.xcassets in Resources */,
			);
			runOnlyForDeploymentPostprocessing = 0;
		};
		E8715C641A514BA80090D17C /* Resources */ = {
			isa = PBXResourcesBuildPhase;
			buildActionMask = 2147483647;
			files = (
			);
			runOnlyForDeploymentPostprocessing = 0;
		};
/* End PBXResourcesBuildPhase section */

/* Begin PBXSourcesBuildPhase section */
		E8715C461A514BA70090D17C /* Sources */ = {
			isa = PBXSourcesBuildPhase;
			buildActionMask = 2147483647;
			files = (
				E8CE4D631D1030DE00FA8321 /* GameViewController.m in Sources */,
				E8715C531A514BA70090D17C /* AppDelegate.m in Sources */,
				E8EDCD871D0D5E3600DEDD78 /* TableViewCellWithThreeButtons.m in Sources */,
				E8CE4D661D104FB600FA8321 /* Ennemi.m in Sources */,
				E8715C561A514BA80090D17C /* Shoot.xcdatamodeld in Sources */,
				E8EDCD841D0D5D3400DEDD78 /* LevelTableViewController.m in Sources */,
				E8715C501A514BA70090D17C /* main.m in Sources */,
			);
			runOnlyForDeploymentPostprocessing = 0;
		};
		E8715C621A514BA80090D17C /* Sources */ = {
			isa = PBXSourcesBuildPhase;
			buildActionMask = 2147483647;
			files = (
				E8715C6D1A514BA80090D17C /* ShootTests.m in Sources */,
			);
			runOnlyForDeploymentPostprocessing = 0;
		};
/* End PBXSourcesBuildPhase section */

/* Begin PBXTargetDependency section */
		E8715C681A514BA80090D17C /* PBXTargetDependency */ = {
			isa = PBXTargetDependency;
			target = E8715C491A514BA70090D17C /* Shoot */;
			targetProxy = E8715C671A514BA80090D17C /* PBXContainerItemProxy */;
		};
/* End PBXTargetDependency section */

/* Begin PBXVariantGroup section */
		E8715C5A1A514BA80090D17C /* Main.storyboard */ = {
			isa = PBXVariantGroup;
			children = (
				E8715C5B1A514BA80090D17C /* Base */,
			);
			name = Main.storyboard;
			sourceTree = "<group>";
		};
		E8715C5F1A514BA80090D17C /* LaunchScreen.xib */ = {
			isa = PBXVariantGroup;
			children = (
				E8715C601A514BA80090D17C /* Base */,
			);
			name = LaunchScreen.xib;
			sourceTree = "<group>";
		};
/* End PBXVariantGroup section */

/* Begin XCBuildConfiguration section */
		E8715C6E1A514BA80090D17C /* Debug */ = {
			isa = XCBuildConfiguration;
			buildSettings = {
				ALWAYS_SEARCH_USER_PATHS = NO;
				CLANG_CXX_LANGUAGE_STANDARD = "gnu++0x";
				CLANG_CXX_LIBRARY = "libc++";
				CLANG_ENABLE_MODULES = YES;
				CLANG_ENABLE_OBJC_ARC = YES;
				CLANG_WARN_BOOL_CONVERSION = YES;
				CLANG_WARN_CONSTANT_CONVERSION = YES;
				CLANG_WARN_DIRECT_OBJC_ISA_USAGE = YES_ERROR;
				CLANG_WARN_EMPTY_BODY = YES;
				CLANG_WARN_ENUM_CONVERSION = YES;
				CLANG_WARN_INT_CONVERSION = YES;
				CLANG_WARN_OBJC_ROOT_CLASS = YES_ERROR;
				CLANG_WARN_UNREACHABLE_CODE = YES;
				CLANG_WARN__DUPLICATE_METHOD_MATCH = YES;
				"CODE_SIGN_IDENTITY[sdk=iphoneos*]" = "iPhone Developer";
				COPY_PHASE_STRIP = NO;
				ENABLE_STRICT_OBJC_MSGSEND = YES;
				GCC_C_LANGUAGE_STANDARD = gnu99;
				GCC_DYNAMIC_NO_PIC = NO;
				GCC_OPTIMIZATION_LEVEL = 0;
				GCC_PREPROCESSOR_DEFINITIONS = (
					"DEBUG=1",
					"$(inherited)",
				);
				GCC_SYMBOLS_PRIVATE_EXTERN = NO;
				GCC_WARN_64_TO_32_BIT_CONVERSION = YES;
				GCC_WARN_ABOUT_RETURN_TYPE = YES_ERROR;
				GCC_WARN_UNDECLARED_SELECTOR = YES;
				GCC_WARN_UNINITIALIZED_AUTOS = YES_AGGRESSIVE;
				GCC_WARN_UNUSED_FUNCTION = YES;
				GCC_WARN_UNUSED_VARIABLE = YES;
				IPHONEOS_DEPLOYMENT_TARGET = 8.1;
				MTL_ENABLE_DEBUG_INFO = YES;
				ONLY_ACTIVE_ARCH = YES;
				SDKROOT = iphoneos;
				TARGETED_DEVICE_FAMILY = "1,2";
			};
			name = Debug;
		};
		E8715C6F1A514BA80090D17C /* Release */ = {
			isa = XCBuildConfiguration;
			buildSettings = {
				ALWAYS_SEARCH_USER_PATHS = NO;
				CLANG_CXX_LANGUAGE_STANDARD = "gnu++0x";
				CLANG_CXX_LIBRARY = "libc++";
				CLANG_ENABLE_MODULES = YES;
				CLANG_ENABLE_OBJC_ARC = YES;
				CLANG_WARN_BOOL_CONVERSION = YES;
				CLANG_WARN_CONSTANT_CONVERSION = YES;
				CLANG_WARN_DIRECT_OBJC_ISA_USAGE = YES_ERROR;
				CLANG_WARN_EMPTY_BODY = YES;
				CLANG_WARN_ENUM_CONVERSION = YES;
				CLANG_WARN_INT_CONVERSION = YES;
				CLANG_WARN_OBJC_ROOT_CLASS = YES_ERROR;
				CLANG_WARN_UNREACHABLE_CODE = YES;
				CLANG_WARN__DUPLICATE_METHOD_MATCH = YES;
				"CODE_SIGN_IDENTITY[sdk=iphoneos*]" = "iPhone Developer";
				COPY_PHASE_STRIP = YES;
				ENABLE_NS_ASSERTIONS = NO;
				ENABLE_STRICT_OBJC_MSGSEND = YES;
				GCC_C_LANGUAGE_STANDARD = gnu99;
				GCC_WARN_64_TO_32_BIT_CONVERSION = YES;
				GCC_WARN_ABOUT_RETURN_TYPE = YES_ERROR;
				GCC_WARN_UNDECLARED_SELECTOR = YES;
				GCC_WARN_UNINITIALIZED_AUTOS = YES_AGGRESSIVE;
				GCC_WARN_UNUSED_FUNCTION = YES;
				GCC_WARN_UNUSED_VARIABLE = YES;
				IPHONEOS_DEPLOYMENT_TARGET = 8.1;
				MTL_ENABLE_DEBUG_INFO = NO;
				SDKROOT = iphoneos;
				TARGETED_DEVICE_FAMILY = "1,2";
				VALIDATE_PRODUCT = YES;
			};
			name = Release;
		};
		E8715C711A514BA80090D17C /* Debug */ = {
			isa = XCBuildConfiguration;
			buildSettings = {
				ASSETCATALOG_COMPILER_APPICON_NAME = AppIcon;
				INFOPLIST_FILE = Shoot/Info.plist;
				LD_RUNPATH_SEARCH_PATHS = "$(inherited) @executable_path/Frameworks";
				PRODUCT_NAME = "$(TARGET_NAME)";
			};
			name = Debug;
		};
		E8715C721A514BA80090D17C /* Release */ = {
			isa = XCBuildConfiguration;
			buildSettings = {
				ASSETCATALOG_COMPILER_APPICON_NAME = AppIcon;
				INFOPLIST_FILE = Shoot/Info.plist;
				LD_RUNPATH_SEARCH_PATHS = "$(inherited) @executable_path/Frameworks";
				PRODUCT_NAME = "$(TARGET_NAME)";
			};
			name = Release;
		};
		E8715C741A514BA80090D17C /* Debug */ = {
			isa = XCBuildConfiguration;
			buildSettings = {
				BUNDLE_LOADER = "$(TEST_HOST)";
				FRAMEWORK_SEARCH_PATHS = (
					"$(SDKROOT)/Developer/Library/Frameworks",
					"$(inherited)",
				);
				GCC_PREPROCESSOR_DEFINITIONS = (
					"DEBUG=1",
					"$(inherited)",
				);
				INFOPLIST_FILE = ShootTests/Info.plist;
				LD_RUNPATH_SEARCH_PATHS = "$(inherited) @executable_path/Frameworks @loader_path/Frameworks";
				PRODUCT_NAME = "$(TARGET_NAME)";
				TEST_HOST = "$(BUILT_PRODUCTS_DIR)/Shoot.app/Shoot";
			};
			name = Debug;
		};
		E8715C751A514BA80090D17C /* Release */ = {
			isa = XCBuildConfiguration;
			buildSettings = {
				BUNDLE_LOADER = "$(TEST_HOST)";
				FRAMEWORK_SEARCH_PATHS = (
					"$(SDKROOT)/Developer/Library/Frameworks",
					"$(inherited)",
				);
				INFOPLIST_FILE = ShootTests/Info.plist;
				LD_RUNPATH_SEARCH_PATHS = "$(inherited) @executable_path/Frameworks @loader_path/Frameworks";
				PRODUCT_NAME = "$(TARGET_NAME)";
				TEST_HOST = "$(BUILT_PRODUCTS_DIR)/Shoot.app/Shoot";
			};
			name = Release;
		};
/* End XCBuildConfiguration section */

/* Begin XCConfigurationList section */
		E8715C451A514BA70090D17C /* Build configuration list for PBXProject "Shoot" */ = {
			isa = XCConfigurationList;
			buildConfigurations = (
				E8715C6E1A514BA80090D17C /* Debug */,
				E8715C6F1A514BA80090D17C /* Release */,
			);
			defaultConfigurationIsVisible = 0;
			defaultConfigurationName = Release;
		};
		E8715C701A514BA80090D17C /* Build configuration list for PBXNativeTarget "Shoot" */ = {
			isa = XCConfigurationList;
			buildConfigurations = (
				E8715C711A514BA80090D17C /* Debug */,
				E8715C721A514BA80090D17C /* Release */,
			);
			defaultConfigurationIsVisible = 0;
			defaultConfigurationName = Release;
		};
		E8715C731A514BA80090D17C /* Build configuration list for PBXNativeTarget "ShootTests" */ = {
			isa = XCConfigurationList;
			buildConfigurations = (
				E8715C741A514BA80090D17C /* Debug */,
				E8715C751A514BA80090D17C /* Release */,
			);
			defaultConfigurationIsVisible = 0;
			defaultConfigurationName = Release;
		};
/* End XCConfigurationList section */

/* Begin XCVersionGroup section */
		E8715C541A514BA80090D17C /* Shoot.xcdatamodeld */ = {
			isa = XCVersionGroup;
			children = (
				E8715C551A514BA80090D17C /* Shoot.xcdatamodel */,
			);
			currentVersion = E8715C551A514BA80090D17C /* Shoot.xcdatamodel */;
			path = Shoot.xcdatamodeld;
			sourceTree = "<group>";
			versionGroupType = wrapper.xcdatamodel;
		};
/* End XCVersionGroup section */
	};
	rootObject = E8715C421A514BA70090D17C /* Project object */;
}
